
Microsoft Visual Studio Solution File, Format Version 12.00
# Visual Studio 15
VisualStudioVersion = 15.0.28307.757
MinimumVisualStudioVersion = 10.0.40219.1
Project("{FAE04EC0-301F-11D3-BF4B-00C04F79EFBC}") = "YazılımSınamaOdevi", "YazılımSınamaOdevi\YazılımSınamaOdevi.csproj", "{C238ABDA-BAFF-4E2C-A6C8-504EF8976292}"
EndProject
Project("{FAE04EC0-301F-11D3-BF4B-00C04F79EFBC}") = "YazılımSınamaOdeviTestProjesi", "YazılımSınamaOdeviTestProjesi\YazılımSınamaOdeviTestProjesi.csproj", "{1E87FF0F-E0E3-40A5-804C-BFFBF35F17D6}"
EndProject
Global
	GlobalSection(SolutionConfigurationPlatforms) = preSolution
		Debug|Any CPU = Debug|Any CPU
		Release|Any CPU = Release|Any CPU
	EndGlobalSection
	GlobalSection(ProjectConfigurationPlatforms) = postSolution
		{C238ABDA-BAFF-4E2C-A6C8-504EF8976292}.Debug|Any CPU.ActiveCfg = Debug|Any CPU
		{C238ABDA-BAFF-4E2C-A6C8-504EF8976292}.Debug|Any CPU.Build.0 = Debug|Any CPU
		{C238ABDA-BAFF-4E2C-A6C8-504EF8976292}.Release|Any CPU.ActiveCfg = Release|Any CPU
		{C238ABDA-BAFF-4E2C-A6C8-504EF8976292}.Release|Any CPU.Build.0 = Release|Any CPU
		{1E87FF0F-E0E3-40A5-804C-BFFBF35F17D6}.Debug|Any CPU.ActiveCfg = Debug|Any CPU
		{1E87FF0F-E0E3-40A5-804C-BFFBF35F17D6}.Debug|Any CPU.Build.0 = Debug|Any CPU
		{1E87FF0F-E0E3-40A5-804C-BFFBF35F17D6}.Release|Any CPU.ActiveCfg = Release|Any CPU
		{1E87FF0F-E0E3-40A5-804C-BFFBF35F17D6}.Release|Any CPU.Build.0 = Release|Any CPU
	EndGlobalSection
	GlobalSection(SolutionProperties) = preSolution
		HideSolutionNode = FALSE
	EndGlobalSection
	GlobalSection(ExtensibilityGlobals) = postSolution
		SolutionGuid = {612895BD-2F2E-47BC-848A-150305B84721}
	EndGlobalSection
EndGlobal
